
Microsoft Visual Studio Solution File, Format Version 12.00
# Visual Studio Version 17
VisualStudioVersion = 17.14.36603.0 d17.14
MinimumVisualStudioVersion = 10.0.40219.1
Project("{FAE04EC0-301F-11D3-BF4B-00C04F79EFBC}") = "Canicas", "Canicas\Canicas.csproj", "{73BF7E66-968C-4054-95FE-488C4622DA2A}"
EndProject
Project("{FAE04EC0-301F-11D3-BF4B-00C04F79EFBC}") = "CarreraCanicasHijo", "CarreraCanicasHijo\CarreraCanicasHijo.csproj", "{FDD54B36-1269-49C7-B8FE-82B8A1165E28}"
EndProject
Project("{FAE04EC0-301F-11D3-BF4B-00C04F79EFBC}") = "CarreraCanicasPadre", "CarreraCanicasPadre\CarreraCanicasPadre.csproj", "{2EF517FD-26F7-4654-AFBD-6AD7393E3148}"
EndProject
Global
	GlobalSection(SolutionConfigurationPlatforms) = preSolution
		Debug|Any CPU = Debug|Any CPU
		Release|Any CPU = Release|Any CPU
	EndGlobalSection
	GlobalSection(ProjectConfigurationPlatforms) = postSolution
		{73BF7E66-968C-4054-95FE-488C4622DA2A}.Debug|Any CPU.ActiveCfg = Debug|Any CPU
		{73BF7E66-968C-4054-95FE-488C4622DA2A}.Debug|Any CPU.Build.0 = Debug|Any CPU
		{73BF7E66-968C-4054-95FE-488C4622DA2A}.Release|Any CPU.ActiveCfg = Release|Any CPU
		{73BF7E66-968C-4054-95FE-488C4622DA2A}.Release|Any CPU.Build.0 = Release|Any CPU
		{FDD54B36-1269-49C7-B8FE-82B8A1165E28}.Debug|Any CPU.ActiveCfg = Debug|Any CPU
		{FDD54B36-1269-49C7-B8FE-82B8A1165E28}.Debug|Any CPU.Build.0 = Debug|Any CPU
		{FDD54B36-1269-49C7-B8FE-82B8A1165E28}.Release|Any CPU.ActiveCfg = Release|Any CPU
		{FDD54B36-1269-49C7-B8FE-82B8A1165E28}.Release|Any CPU.Build.0 = Release|Any CPU
		{2EF517FD-26F7-4654-AFBD-6AD7393E3148}.Debug|Any CPU.ActiveCfg = Debug|Any CPU
		{2EF517FD-26F7-4654-AFBD-6AD7393E3148}.Debug|Any CPU.Build.0 = Debug|Any CPU
		{2EF517FD-26F7-4654-AFBD-6AD7393E3148}.Release|Any CPU.ActiveCfg = Release|Any CPU
		{2EF517FD-26F7-4654-AFBD-6AD7393E3148}.Release|Any CPU.Build.0 = Release|Any CPU
	EndGlobalSection
	GlobalSection(SolutionProperties) = preSolution
		HideSolutionNode = FALSE
	EndGlobalSection
	GlobalSection(ExtensibilityGlobals) = postSolution
		SolutionGuid = {A11EBC64-9F2D-4FD7-99F7-C480CB609084}
	EndGlobalSection
EndGlobal
