
Microsoft Visual Studio Solution File, Format Version 12.00
# Visual Studio Version 17
VisualStudioVersion = 17.14.36717.8 d17.14
MinimumVisualStudioVersion = 10.0.40219.1
Project("{FAE04EC0-301F-11D3-BF4B-00C04F79EFBC}") = "TCPServer", "TCPServer\TCPServer.csproj", "{DB9FD91D-AE19-4B91-A49F-CABB1DEA5343}"
EndProject
Global
	GlobalSection(SolutionConfigurationPlatforms) = preSolution
		Debug|Any CPU = Debug|Any CPU
		Release|Any CPU = Release|Any CPU
	EndGlobalSection
	GlobalSection(ProjectConfigurationPlatforms) = postSolution
		{DB9FD91D-AE19-4B91-A49F-CABB1DEA5343}.Debug|Any CPU.ActiveCfg = Debug|Any CPU
		{DB9FD91D-AE19-4B91-A49F-CABB1DEA5343}.Debug|Any CPU.Build.0 = Debug|Any CPU
		{DB9FD91D-AE19-4B91-A49F-CABB1DEA5343}.Release|Any CPU.ActiveCfg = Release|Any CPU
		{DB9FD91D-AE19-4B91-A49F-CABB1DEA5343}.Release|Any CPU.Build.0 = Release|Any CPU
	EndGlobalSection
	GlobalSection(SolutionProperties) = preSolution
		HideSolutionNode = FALSE
	EndGlobalSection
	GlobalSection(ExtensibilityGlobals) = postSolution
		SolutionGuid = {6A61923A-B45D-4C37-B9E4-2E62096DFB8A}
	EndGlobalSection
EndGlobal
